// !$*UTF8*$!
{
	archiveVersion = 1;
	classes = {
	};
	objectVersion = 55;
	objects = {

/* Begin PBXBuildFile section */
		8D454815299CDF8800A59570 /* AppDelegate.swift in Sources */ = {isa = PBXBuildFile; fileRef = 8D454814299CDF8800A59570 /* AppDelegate.swift */; };
		8D454817299CDF8800A59570 /* SceneDelegate.swift in Sources */ = {isa = PBXBuildFile; fileRef = 8D454816299CDF8800A59570 /* SceneDelegate.swift */; };
		8D454819299CDF8800A59570 /* HomePageViewController.swift in Sources */ = {isa = PBXBuildFile; fileRef = 8D454818299CDF8800A59570 /* HomePageViewController.swift */; };
		8D45481E299CDF8A00A59570 /* Assets.xcassets in Resources */ = {isa = PBXBuildFile; fileRef = 8D45481D299CDF8A00A59570 /* Assets.xcassets */; };
		8D454821299CDF8A00A59570 /* LaunchScreen.storyboard in Resources */ = {isa = PBXBuildFile; fileRef = 8D45481F299CDF8A00A59570 /* LaunchScreen.storyboard */; };
		8D45482C299CDF8B00A59570 /* StoreManagerTests.swift in Sources */ = {isa = PBXBuildFile; fileRef = 8D45482B299CDF8B00A59570 /* StoreManagerTests.swift */; };
		8D454836299CDF8C00A59570 /* StoreManagerUITests.swift in Sources */ = {isa = PBXBuildFile; fileRef = 8D454835299CDF8C00A59570 /* StoreManagerUITests.swift */; };
		8D454838299CDF8C00A59570 /* StoreManagerUITestsLaunchTests.swift in Sources */ = {isa = PBXBuildFile; fileRef = 8D454837299CDF8C00A59570 /* StoreManagerUITestsLaunchTests.swift */; };
		8D45484F299DD41800A59570 /* Item.swift in Sources */ = {isa = PBXBuildFile; fileRef = 8D45484E299DD41800A59570 /* Item.swift */; };
		8D454851299DD50200A59570 /* ItemList.swift in Sources */ = {isa = PBXBuildFile; fileRef = 8D454850299DD50200A59570 /* ItemList.swift */; };
		8D454853299DD6CF00A59570 /* ItemDto.swift in Sources */ = {isa = PBXBuildFile; fileRef = 8D454852299DD6CF00A59570 /* ItemDto.swift */; };
		8D454855299DD6E700A59570 /* ItemListDto.swift in Sources */ = {isa = PBXBuildFile; fileRef = 8D454854299DD6E700A59570 /* ItemListDto.swift */; };
		8D454857299DDBB400A59570 /* ItemsService.swift in Sources */ = {isa = PBXBuildFile; fileRef = 8D454856299DDBB400A59570 /* ItemsService.swift */; };
		8D454859299E088700A59570 /* ResultDto.swift in Sources */ = {isa = PBXBuildFile; fileRef = 8D454858299E088700A59570 /* ResultDto.swift */; };
		8D45485D29A3269B00A59570 /* ItemsInTableViewController.swift in Sources */ = {isa = PBXBuildFile; fileRef = 8D45485C29A3269B00A59570 /* ItemsInTableViewController.swift */; };
		8D45485F29A3273B00A59570 /* ItemsInCollectionViewController.swift in Sources */ = {isa = PBXBuildFile; fileRef = 8D45485E29A3273B00A59570 /* ItemsInCollectionViewController.swift */; };
		8D45486529A3506F00A59570 /* UIColorExt.swift in Sources */ = {isa = PBXBuildFile; fileRef = 8D45486429A3506F00A59570 /* UIColorExt.swift */; };
		8D45486729A3535C00A59570 /* ItemTableViewCell.swift in Sources */ = {isa = PBXBuildFile; fileRef = 8D45486629A3535C00A59570 /* ItemTableViewCell.swift */; };
		8D45486F29A8D78D00A59570 /* ItemCollectionViewCell.swift in Sources */ = {isa = PBXBuildFile; fileRef = 8D45486E29A8D78D00A59570 /* ItemCollectionViewCell.swift */; };
		8D45487229AB970400A59570 /* ItemsListViewModel.swift in Sources */ = {isa = PBXBuildFile; fileRef = 8D45487129AB970400A59570 /* ItemsListViewModel.swift */; };
		8D45487729AB9DF800A59570 /* ItemsInTableView.swift in Sources */ = {isa = PBXBuildFile; fileRef = 8D45487629AB9DF800A59570 /* ItemsInTableView.swift */; };
		8D45487929AC6F3A00A59570 /* ItemViewModel.swift in Sources */ = {isa = PBXBuildFile; fileRef = 8D45487829AC6F3A00A59570 /* ItemViewModel.swift */; };
		8D45487F29AC797500A59570 /* ItemsInCollectionView.swift in Sources */ = {isa = PBXBuildFile; fileRef = 8D45487E29AC797500A59570 /* ItemsInCollectionView.swift */; };
		8D4548CB29ADC9CA00A59570 /* SearchBarView.swift in Sources */ = {isa = PBXBuildFile; fileRef = 8D4548CA29ADC9CA00A59570 /* SearchBarView.swift */; };
		8D4548CE29AEEC9F00A59570 /* StoreManager.xcdatamodeld in Sources */ = {isa = PBXBuildFile; fileRef = 8D4548CC29AEEC9F00A59570 /* StoreManager.xcdatamodeld */; };
		8D4548DC29AEF78F00A59570 /* ItemData+CoreDataClass.swift in Sources */ = {isa = PBXBuildFile; fileRef = 8D4548DA29AEF78F00A59570 /* ItemData+CoreDataClass.swift */; };
		8D4548DD29AEF78F00A59570 /* ItemData+CoreDataProperties.swift in Sources */ = {isa = PBXBuildFile; fileRef = 8D4548DB29AEF78F00A59570 /* ItemData+CoreDataProperties.swift */; };
		8D4548DF29AF070600A59570 /* CoreDataStack.swift in Sources */ = {isa = PBXBuildFile; fileRef = 8D4548DE29AF070600A59570 /* CoreDataStack.swift */; };
		8D4548E129AF07D600A59570 /* CoreDataHelper.swift in Sources */ = {isa = PBXBuildFile; fileRef = 8D4548E029AF07D600A59570 /* CoreDataHelper.swift */; };
		8D52C64729B6E9A3007B5984 /* ItemDetailsPageViewController.swift in Sources */ = {isa = PBXBuildFile; fileRef = 8D52C64629B6E9A3007B5984 /* ItemDetailsPageViewController.swift */; };
		8D78F2B429B498BB004DCBF2 /* SliderView.swift in Sources */ = {isa = PBXBuildFile; fileRef = 8D78F2B329B498BB004DCBF2 /* SliderView.swift */; };
		8D78F2B629B59D25004DCBF2 /* PopOverViewController.swift in Sources */ = {isa = PBXBuildFile; fileRef = 8D78F2B529B59D25004DCBF2 /* PopOverViewController.swift */; };
/* End PBXBuildFile section */

/* Begin PBXContainerItemProxy section */
		8D454828299CDF8B00A59570 /* PBXContainerItemProxy */ = {
			isa = PBXContainerItemProxy;
			containerPortal = 8D454809299CDF8800A59570 /* Project object */;
			proxyType = 1;
			remoteGlobalIDString = 8D454810299CDF8800A59570;
			remoteInfo = StoreManager;
		};
		8D454832299CDF8C00A59570 /* PBXContainerItemProxy */ = {
			isa = PBXContainerItemProxy;
			containerPortal = 8D454809299CDF8800A59570 /* Project object */;
			proxyType = 1;
			remoteGlobalIDString = 8D454810299CDF8800A59570;
			remoteInfo = StoreManager;
		};
/* End PBXContainerItemProxy section */

/* Begin PBXFileReference section */
		8D454811299CDF8800A59570 /* StoreManager.app */ = {isa = PBXFileReference; explicitFileType = wrapper.application; includeInIndex = 0; path = StoreManager.app; sourceTree = BUILT_PRODUCTS_DIR; };
		8D454814299CDF8800A59570 /* AppDelegate.swift */ = {isa = PBXFileReference; lastKnownFileType = sourcecode.swift; path = AppDelegate.swift; sourceTree = "<group>"; };
		8D454816299CDF8800A59570 /* SceneDelegate.swift */ = {isa = PBXFileReference; lastKnownFileType = sourcecode.swift; path = SceneDelegate.swift; sourceTree = "<group>"; };
		8D454818299CDF8800A59570 /* HomePageViewController.swift */ = {isa = PBXFileReference; lastKnownFileType = sourcecode.swift; path = HomePageViewController.swift; sourceTree = "<group>"; };
		8D45481D299CDF8A00A59570 /* Assets.xcassets */ = {isa = PBXFileReference; lastKnownFileType = folder.assetcatalog; path = Assets.xcassets; sourceTree = "<group>"; };
		8D454820299CDF8A00A59570 /* Base */ = {isa = PBXFileReference; lastKnownFileType = file.storyboard; name = Base; path = Base.lproj/LaunchScreen.storyboard; sourceTree = "<group>"; };
		8D454822299CDF8A00A59570 /* Info.plist */ = {isa = PBXFileReference; lastKnownFileType = text.plist.xml; path = Info.plist; sourceTree = "<group>"; };
		8D454827299CDF8B00A59570 /* StoreManagerTests.xctest */ = {isa = PBXFileReference; explicitFileType = wrapper.cfbundle; includeInIndex = 0; path = StoreManagerTests.xctest; sourceTree = BUILT_PRODUCTS_DIR; };
		8D45482B299CDF8B00A59570 /* StoreManagerTests.swift */ = {isa = PBXFileReference; lastKnownFileType = sourcecode.swift; path = StoreManagerTests.swift; sourceTree = "<group>"; };
		8D454831299CDF8C00A59570 /* StoreManagerUITests.xctest */ = {isa = PBXFileReference; explicitFileType = wrapper.cfbundle; includeInIndex = 0; path = StoreManagerUITests.xctest; sourceTree = BUILT_PRODUCTS_DIR; };
		8D454835299CDF8C00A59570 /* StoreManagerUITests.swift */ = {isa = PBXFileReference; lastKnownFileType = sourcecode.swift; path = StoreManagerUITests.swift; sourceTree = "<group>"; };
		8D454837299CDF8C00A59570 /* StoreManagerUITestsLaunchTests.swift */ = {isa = PBXFileReference; lastKnownFileType = sourcecode.swift; path = StoreManagerUITestsLaunchTests.swift; sourceTree = "<group>"; };
		8D45484E299DD41800A59570 /* Item.swift */ = {isa = PBXFileReference; lastKnownFileType = sourcecode.swift; path = Item.swift; sourceTree = "<group>"; };
		8D454850299DD50200A59570 /* ItemList.swift */ = {isa = PBXFileReference; lastKnownFileType = sourcecode.swift; path = ItemList.swift; sourceTree = "<group>"; };
		8D454852299DD6CF00A59570 /* ItemDto.swift */ = {isa = PBXFileReference; lastKnownFileType = sourcecode.swift; path = ItemDto.swift; sourceTree = "<group>"; };
		8D454854299DD6E700A59570 /* ItemListDto.swift */ = {isa = PBXFileReference; lastKnownFileType = sourcecode.swift; path = ItemListDto.swift; sourceTree = "<group>"; };
		8D454856299DDBB400A59570 /* ItemsService.swift */ = {isa = PBXFileReference; lastKnownFileType = sourcecode.swift; path = ItemsService.swift; sourceTree = "<group>"; };
		8D454858299E088700A59570 /* ResultDto.swift */ = {isa = PBXFileReference; lastKnownFileType = sourcecode.swift; path = ResultDto.swift; sourceTree = "<group>"; };
		8D45485C29A3269B00A59570 /* ItemsInTableViewController.swift */ = {isa = PBXFileReference; lastKnownFileType = sourcecode.swift; path = ItemsInTableViewController.swift; sourceTree = "<group>"; };
		8D45485E29A3273B00A59570 /* ItemsInCollectionViewController.swift */ = {isa = PBXFileReference; lastKnownFileType = sourcecode.swift; path = ItemsInCollectionViewController.swift; sourceTree = "<group>"; };
		8D45486429A3506F00A59570 /* UIColorExt.swift */ = {isa = PBXFileReference; lastKnownFileType = sourcecode.swift; path = UIColorExt.swift; sourceTree = "<group>"; };
		8D45486629A3535C00A59570 /* ItemTableViewCell.swift */ = {isa = PBXFileReference; lastKnownFileType = sourcecode.swift; path = ItemTableViewCell.swift; sourceTree = "<group>"; };
		8D45486E29A8D78D00A59570 /* ItemCollectionViewCell.swift */ = {isa = PBXFileReference; lastKnownFileType = sourcecode.swift; path = ItemCollectionViewCell.swift; sourceTree = "<group>"; };
		8D45487129AB970400A59570 /* ItemsListViewModel.swift */ = {isa = PBXFileReference; lastKnownFileType = sourcecode.swift; path = ItemsListViewModel.swift; sourceTree = "<group>"; };
		8D45487629AB9DF800A59570 /* ItemsInTableView.swift */ = {isa = PBXFileReference; lastKnownFileType = sourcecode.swift; path = ItemsInTableView.swift; sourceTree = "<group>"; };
		8D45487829AC6F3A00A59570 /* ItemViewModel.swift */ = {isa = PBXFileReference; lastKnownFileType = sourcecode.swift; path = ItemViewModel.swift; sourceTree = "<group>"; };
		8D45487E29AC797500A59570 /* ItemsInCollectionView.swift */ = {isa = PBXFileReference; lastKnownFileType = sourcecode.swift; path = ItemsInCollectionView.swift; sourceTree = "<group>"; };
		8D4548CA29ADC9CA00A59570 /* SearchBarView.swift */ = {isa = PBXFileReference; lastKnownFileType = sourcecode.swift; path = SearchBarView.swift; sourceTree = "<group>"; };
		8D4548CD29AEEC9F00A59570 /* StoreManager.xcdatamodel */ = {isa = PBXFileReference; lastKnownFileType = wrapper.xcdatamodel; path = StoreManager.xcdatamodel; sourceTree = "<group>"; };
		8D4548DA29AEF78F00A59570 /* ItemData+CoreDataClass.swift */ = {isa = PBXFileReference; lastKnownFileType = sourcecode.swift; path = "ItemData+CoreDataClass.swift"; sourceTree = SOURCE_ROOT; };
		8D4548DB29AEF78F00A59570 /* ItemData+CoreDataProperties.swift */ = {isa = PBXFileReference; lastKnownFileType = sourcecode.swift; path = "ItemData+CoreDataProperties.swift"; sourceTree = SOURCE_ROOT; };
		8D4548DE29AF070600A59570 /* CoreDataStack.swift */ = {isa = PBXFileReference; lastKnownFileType = sourcecode.swift; path = CoreDataStack.swift; sourceTree = "<group>"; };
		8D4548E029AF07D600A59570 /* CoreDataHelper.swift */ = {isa = PBXFileReference; lastKnownFileType = sourcecode.swift; path = CoreDataHelper.swift; sourceTree = "<group>"; };
		8D52C64629B6E9A3007B5984 /* ItemDetailsPageViewController.swift */ = {isa = PBXFileReference; lastKnownFileType = sourcecode.swift; path = ItemDetailsPageViewController.swift; sourceTree = "<group>"; };
		8D78F2B329B498BB004DCBF2 /* SliderView.swift */ = {isa = PBXFileReference; lastKnownFileType = sourcecode.swift; path = SliderView.swift; sourceTree = "<group>"; };
		8D78F2B529B59D25004DCBF2 /* PopOverViewController.swift */ = {isa = PBXFileReference; lastKnownFileType = sourcecode.swift; path = PopOverViewController.swift; sourceTree = "<group>"; };
/* End PBXFileReference section */

/* Begin PBXFrameworksBuildPhase section */
		8D45480E299CDF8800A59570 /* Frameworks */ = {
			isa = PBXFrameworksBuildPhase;
			buildActionMask = 2147483647;
			files = (
			);
			runOnlyForDeploymentPostprocessing = 0;
		};
		8D454824299CDF8B00A59570 /* Frameworks */ = {
			isa = PBXFrameworksBuildPhase;
			buildActionMask = 2147483647;
			files = (
			);
			runOnlyForDeploymentPostprocessing = 0;
		};
		8D45482E299CDF8C00A59570 /* Frameworks */ = {
			isa = PBXFrameworksBuildPhase;
			buildActionMask = 2147483647;
			files = (
			);
			runOnlyForDeploymentPostprocessing = 0;
		};
/* End PBXFrameworksBuildPhase section */

/* Begin PBXGroup section */
		8D454808299CDF8800A59570 = {
			isa = PBXGroup;
			children = (
				8D454813299CDF8800A59570 /* StoreManager */,
				8D45482A299CDF8B00A59570 /* StoreManagerTests */,
				8D454834299CDF8C00A59570 /* StoreManagerUITests */,
				8D454812299CDF8800A59570 /* Products */,
			);
			sourceTree = "<group>";
		};
		8D454812299CDF8800A59570 /* Products */ = {
			isa = PBXGroup;
			children = (
				8D454811299CDF8800A59570 /* StoreManager.app */,
				8D454827299CDF8B00A59570 /* StoreManagerTests.xctest */,
				8D454831299CDF8C00A59570 /* StoreManagerUITests.xctest */,
			);
			name = Products;
			sourceTree = "<group>";
		};
		8D454813299CDF8800A59570 /* StoreManager */ = {
			isa = PBXGroup;
			children = (
				8D4548D329AEEFAA00A59570 /* CoreData */,
				8D45487029AB8E2100A59570 /* ViewModel */,
				8D454846299DCC9700A59570 /* Contoller */,
				8D454845299DCC0E00A59570 /* View */,
				8D454844299DCC0500A59570 /* Model */,
				8D454814299CDF8800A59570 /* AppDelegate.swift */,
				8D454816299CDF8800A59570 /* SceneDelegate.swift */,
				8D45481D299CDF8A00A59570 /* Assets.xcassets */,
				8D45481F299CDF8A00A59570 /* LaunchScreen.storyboard */,
				8D454822299CDF8A00A59570 /* Info.plist */,
				8D4548CC29AEEC9F00A59570 /* StoreManager.xcdatamodeld */,
			);
			path = StoreManager;
			sourceTree = "<group>";
		};
		8D45482A299CDF8B00A59570 /* StoreManagerTests */ = {
			isa = PBXGroup;
			children = (
				8D45482B299CDF8B00A59570 /* StoreManagerTests.swift */,
			);
			path = StoreManagerTests;
			sourceTree = "<group>";
		};
		8D454834299CDF8C00A59570 /* StoreManagerUITests */ = {
			isa = PBXGroup;
			children = (
				8D454835299CDF8C00A59570 /* StoreManagerUITests.swift */,
				8D454837299CDF8C00A59570 /* StoreManagerUITestsLaunchTests.swift */,
			);
			path = StoreManagerUITests;
			sourceTree = "<group>";
		};
		8D454844299DCC0500A59570 /* Model */ = {
			isa = PBXGroup;
			children = (
				8D45484B299DCD5600A59570 /* services */,
				8D454849299DCD3000A59570 /* repository */,
			);
			path = Model;
			sourceTree = "<group>";
		};
		8D454845299DCC0E00A59570 /* View */ = {
			isa = PBXGroup;
			children = (
				8D4548CA29ADC9CA00A59570 /* SearchBarView.swift */,
				8D45487D29AC78DA00A59570 /* Cells */,
				8D45487C29AC78A900A59570 /* Layouts */,
				8D78F2B329B498BB004DCBF2 /* SliderView.swift */,
			);
			path = View;
			sourceTree = "<group>";
		};
		8D454846299DCC9700A59570 /* Contoller */ = {
			isa = PBXGroup;
			children = (
				8D45488029AC7F6B00A59570 /* Extension */,
				8D454818299CDF8800A59570 /* HomePageViewController.swift */,
				8D45485C29A3269B00A59570 /* ItemsInTableViewController.swift */,
				8D45485E29A3273B00A59570 /* ItemsInCollectionViewController.swift */,
				8D78F2B529B59D25004DCBF2 /* PopOverViewController.swift */,
				8D52C64629B6E9A3007B5984 /* ItemDetailsPageViewController.swift */,
			);
			path = Contoller;
			sourceTree = "<group>";
		};
		8D454847299DCCCD00A59570 /* models */ = {
			isa = PBXGroup;
			children = (
				8D45484E299DD41800A59570 /* Item.swift */,
				8D454850299DD50200A59570 /* ItemList.swift */,
			);
			path = models;
			sourceTree = "<group>";
		};
		8D454848299DCCD900A59570 /* result */ = {
			isa = PBXGroup;
			children = (
			);
			path = result;
			sourceTree = "<group>";
		};
		8D454849299DCD3000A59570 /* repository */ = {
			isa = PBXGroup;
			children = (
				8D454847299DCCCD00A59570 /* models */,
				8D454848299DCCD900A59570 /* result */,
			);
			path = repository;
			sourceTree = "<group>";
		};
		8D45484A299DCD4800A59570 /* client */ = {
			isa = PBXGroup;
			children = (
			);
			path = client;
			sourceTree = "<group>";
		};
		8D45484B299DCD5600A59570 /* services */ = {
			isa = PBXGroup;
			children = (
				8D45484C299DCD6200A59570 /* dtos */,
				8D45484A299DCD4800A59570 /* client */,
				8D454856299DDBB400A59570 /* ItemsService.swift */,
			);
			path = services;
			sourceTree = "<group>";
		};
		8D45484C299DCD6200A59570 /* dtos */ = {
			isa = PBXGroup;
			children = (
				8D454852299DD6CF00A59570 /* ItemDto.swift */,
				8D454854299DD6E700A59570 /* ItemListDto.swift */,
				8D454858299E088700A59570 /* ResultDto.swift */,
			);
			path = dtos;
			sourceTree = "<group>";
		};
		8D45487029AB8E2100A59570 /* ViewModel */ = {
			isa = PBXGroup;
			children = (
				8D45487129AB970400A59570 /* ItemsListViewModel.swift */,
				8D45487829AC6F3A00A59570 /* ItemViewModel.swift */,
			);
			path = ViewModel;
			sourceTree = "<group>";
		};
		8D45487C29AC78A900A59570 /* Layouts */ = {
			isa = PBXGroup;
			children = (
				8D45487629AB9DF800A59570 /* ItemsInTableView.swift */,
				8D45487E29AC797500A59570 /* ItemsInCollectionView.swift */,
			);
			path = Layouts;
			sourceTree = "<group>";
		};
		8D45487D29AC78DA00A59570 /* Cells */ = {
			isa = PBXGroup;
			children = (
				8D45486629A3535C00A59570 /* ItemTableViewCell.swift */,
				8D45486E29A8D78D00A59570 /* ItemCollectionViewCell.swift */,
			);
			path = Cells;
			sourceTree = "<group>";
		};
		8D45488029AC7F6B00A59570 /* Extension */ = {
			isa = PBXGroup;
			children = (
				8D45486429A3506F00A59570 /* UIColorExt.swift */,
			);
			path = Extension;
			sourceTree = "<group>";
		};
		8D4548D329AEEFAA00A59570 /* CoreData */ = {
			isa = PBXGroup;
			children = (
				8D4548DA29AEF78F00A59570 /* ItemData+CoreDataClass.swift */,
				8D4548DB29AEF78F00A59570 /* ItemData+CoreDataProperties.swift */,
				8D4548DE29AF070600A59570 /* CoreDataStack.swift */,
				8D4548E029AF07D600A59570 /* CoreDataHelper.swift */,
			);
			path = CoreData;
			sourceTree = "<group>";
		};
/* End PBXGroup section */

/* Begin PBXNativeTarget section */
		8D454810299CDF8800A59570 /* StoreManager */ = {
			isa = PBXNativeTarget;
			buildConfigurationList = 8D45483B299CDF8C00A59570 /* Build configuration list for PBXNativeTarget "StoreManager" */;
			buildPhases = (
				8D45480D299CDF8800A59570 /* Sources */,
				8D45480E299CDF8800A59570 /* Frameworks */,
				8D45480F299CDF8800A59570 /* Resources */,
			);
			buildRules = (
			);
			dependencies = (
			);
			name = StoreManager;
			productName = StoreManager;
			productReference = 8D454811299CDF8800A59570 /* StoreManager.app */;
			productType = "com.apple.product-type.application";
		};
		8D454826299CDF8B00A59570 /* StoreManagerTests */ = {
			isa = PBXNativeTarget;
			buildConfigurationList = 8D45483E299CDF8C00A59570 /* Build configuration list for PBXNativeTarget "StoreManagerTests" */;
			buildPhases = (
				8D454823299CDF8B00A59570 /* Sources */,
				8D454824299CDF8B00A59570 /* Frameworks */,
				8D454825299CDF8B00A59570 /* Resources */,
			);
			buildRules = (
			);
			dependencies = (
				8D454829299CDF8B00A59570 /* PBXTargetDependency */,
			);
			name = StoreManagerTests;
			productName = StoreManagerTests;
			productReference = 8D454827299CDF8B00A59570 /* StoreManagerTests.xctest */;
			productType = "com.apple.product-type.bundle.unit-test";
		};
		8D454830299CDF8C00A59570 /* StoreManagerUITests */ = {
			isa = PBXNativeTarget;
			buildConfigurationList = 8D454841299CDF8C00A59570 /* Build configuration list for PBXNativeTarget "StoreManagerUITests" */;
			buildPhases = (
				8D45482D299CDF8C00A59570 /* Sources */,
				8D45482E299CDF8C00A59570 /* Frameworks */,
				8D45482F299CDF8C00A59570 /* Resources */,
			);
			buildRules = (
			);
			dependencies = (
				8D454833299CDF8C00A59570 /* PBXTargetDependency */,
			);
			name = StoreManagerUITests;
			productName = StoreManagerUITests;
			productReference = 8D454831299CDF8C00A59570 /* StoreManagerUITests.xctest */;
			productType = "com.apple.product-type.bundle.ui-testing";
		};
/* End PBXNativeTarget section */

/* Begin PBXProject section */
		8D454809299CDF8800A59570 /* Project object */ = {
			isa = PBXProject;
			attributes = {
				BuildIndependentTargetsInParallel = 1;
				LastSwiftUpdateCheck = 1330;
				LastUpgradeCheck = 1330;
				TargetAttributes = {
					8D454810299CDF8800A59570 = {
						CreatedOnToolsVersion = 13.3;
					};
					8D454826299CDF8B00A59570 = {
						CreatedOnToolsVersion = 13.3;
						TestTargetID = 8D454810299CDF8800A59570;
					};
					8D454830299CDF8C00A59570 = {
						CreatedOnToolsVersion = 13.3;
						TestTargetID = 8D454810299CDF8800A59570;
					};
				};
			};
			buildConfigurationList = 8D45480C299CDF8800A59570 /* Build configuration list for PBXProject "StoreManager" */;
			compatibilityVersion = "Xcode 13.0";
			developmentRegion = en;
			hasScannedForEncodings = 0;
			knownRegions = (
				en,
				Base,
			);
			mainGroup = 8D454808299CDF8800A59570;
			productRefGroup = 8D454812299CDF8800A59570 /* Products */;
			projectDirPath = "";
			projectRoot = "";
			targets = (
				8D454810299CDF8800A59570 /* StoreManager */,
				8D454826299CDF8B00A59570 /* StoreManagerTests */,
				8D454830299CDF8C00A59570 /* StoreManagerUITests */,
			);
		};
/* End PBXProject section */

/* Begin PBXResourcesBuildPhase section */
		8D45480F299CDF8800A59570 /* Resources */ = {
			isa = PBXResourcesBuildPhase;
			buildActionMask = 2147483647;
			files = (
				8D454821299CDF8A00A59570 /* LaunchScreen.storyboard in Resources */,
				8D45481E299CDF8A00A59570 /* Assets.xcassets in Resources */,
			);
			runOnlyForDeploymentPostprocessing = 0;
		};
		8D454825299CDF8B00A59570 /* Resources */ = {
			isa = PBXResourcesBuildPhase;
			buildActionMask = 2147483647;
			files = (
			);
			runOnlyForDeploymentPostprocessing = 0;
		};
		8D45482F299CDF8C00A59570 /* Resources */ = {
			isa = PBXResourcesBuildPhase;
			buildActionMask = 2147483647;
			files = (
			);
			runOnlyForDeploymentPostprocessing = 0;
		};
/* End PBXResourcesBuildPhase section */

/* Begin PBXSourcesBuildPhase section */
		8D45480D299CDF8800A59570 /* Sources */ = {
			isa = PBXSourcesBuildPhase;
			buildActionMask = 2147483647;
			files = (
				8D45486F29A8D78D00A59570 /* ItemCollectionViewCell.swift in Sources */,
				8D4548DF29AF070600A59570 /* CoreDataStack.swift in Sources */,
				8D45487729AB9DF800A59570 /* ItemsInTableView.swift in Sources */,
				8D45486529A3506F00A59570 /* UIColorExt.swift in Sources */,
				8D78F2B429B498BB004DCBF2 /* SliderView.swift in Sources */,
				8D454859299E088700A59570 /* ResultDto.swift in Sources */,
				8D45487229AB970400A59570 /* ItemsListViewModel.swift in Sources */,
				8D454857299DDBB400A59570 /* ItemsService.swift in Sources */,
				8D78F2B629B59D25004DCBF2 /* PopOverViewController.swift in Sources */,
				8D45484F299DD41800A59570 /* Item.swift in Sources */,
				8D454855299DD6E700A59570 /* ItemListDto.swift in Sources */,
				8D454851299DD50200A59570 /* ItemList.swift in Sources */,
				8D45487929AC6F3A00A59570 /* ItemViewModel.swift in Sources */,
				8D4548CB29ADC9CA00A59570 /* SearchBarView.swift in Sources */,
				8D45487F29AC797500A59570 /* ItemsInCollectionView.swift in Sources */,
				8D4548DD29AEF78F00A59570 /* ItemData+CoreDataProperties.swift in Sources */,
				8D454819299CDF8800A59570 /* HomePageViewController.swift in Sources */,
				8D4548CE29AEEC9F00A59570 /* StoreManager.xcdatamodeld in Sources */,
				8D52C64729B6E9A3007B5984 /* ItemDetailsPageViewController.swift in Sources */,
				8D454815299CDF8800A59570 /* AppDelegate.swift in Sources */,
				8D45485F29A3273B00A59570 /* ItemsInCollectionViewController.swift in Sources */,
				8D4548E129AF07D600A59570 /* CoreDataHelper.swift in Sources */,
				8D45485D29A3269B00A59570 /* ItemsInTableViewController.swift in Sources */,
				8D454853299DD6CF00A59570 /* ItemDto.swift in Sources */,
				8D4548DC29AEF78F00A59570 /* ItemData+CoreDataClass.swift in Sources */,
				8D45486729A3535C00A59570 /* ItemTableViewCell.swift in Sources */,
				8D454817299CDF8800A59570 /* SceneDelegate.swift in Sources */,
			);
			runOnlyForDeploymentPostprocessing = 0;
		};
		8D454823299CDF8B00A59570 /* Sources */ = {
			isa = PBXSourcesBuildPhase;
			buildActionMask = 2147483647;
			files = (
				8D45482C299CDF8B00A59570 /* StoreManagerTests.swift in Sources */,
			);
			runOnlyForDeploymentPostprocessing = 0;
		};
		8D45482D299CDF8C00A59570 /* Sources */ = {
			isa = PBXSourcesBuildPhase;
			buildActionMask = 2147483647;
			files = (
				8D454838299CDF8C00A59570 /* StoreManagerUITestsLaunchTests.swift in Sources */,
				8D454836299CDF8C00A59570 /* StoreManagerUITests.swift in Sources */,
			);
			runOnlyForDeploymentPostprocessing = 0;
		};
/* End PBXSourcesBuildPhase section */

/* Begin PBXTargetDependency section */
		8D454829299CDF8B00A59570 /* PBXTargetDependency */ = {
			isa = PBXTargetDependency;
			target = 8D454810299CDF8800A59570 /* StoreManager */;
			targetProxy = 8D454828299CDF8B00A59570 /* PBXContainerItemProxy */;
		};
		8D454833299CDF8C00A59570 /* PBXTargetDependency */ = {
			isa = PBXTargetDependency;
			target = 8D454810299CDF8800A59570 /* StoreManager */;
			targetProxy = 8D454832299CDF8C00A59570 /* PBXContainerItemProxy */;
		};
/* End PBXTargetDependency section */

/* Begin PBXVariantGroup section */
		8D45481F299CDF8A00A59570 /* LaunchScreen.storyboard */ = {
			isa = PBXVariantGroup;
			children = (
				8D454820299CDF8A00A59570 /* Base */,
			);
			name = LaunchScreen.storyboard;
			sourceTree = "<group>";
		};
/* End PBXVariantGroup section */

/* Begin XCBuildConfiguration section */
		8D454839299CDF8C00A59570 /* Debug */ = {
			isa = XCBuildConfiguration;
			buildSettings = {
				ALWAYS_SEARCH_USER_PATHS = NO;
				CLANG_ANALYZER_NONNULL = YES;
				CLANG_ANALYZER_NUMBER_OBJECT_CONVERSION = YES_AGGRESSIVE;
				CLANG_CXX_LANGUAGE_STANDARD = "gnu++17";
				CLANG_ENABLE_MODULES = YES;
				CLANG_ENABLE_OBJC_ARC = YES;
				CLANG_ENABLE_OBJC_WEAK = YES;
				CLANG_WARN_BLOCK_CAPTURE_AUTORELEASING = YES;
				CLANG_WARN_BOOL_CONVERSION = YES;
				CLANG_WARN_COMMA = YES;
				CLANG_WARN_CONSTANT_CONVERSION = YES;
				CLANG_WARN_DEPRECATED_OBJC_IMPLEMENTATIONS = YES;
				CLANG_WARN_DIRECT_OBJC_ISA_USAGE = YES_ERROR;
				CLANG_WARN_DOCUMENTATION_COMMENTS = YES;
				CLANG_WARN_EMPTY_BODY = YES;
				CLANG_WARN_ENUM_CONVERSION = YES;
				CLANG_WARN_INFINITE_RECURSION = YES;
				CLANG_WARN_INT_CONVERSION = YES;
				CLANG_WARN_NON_LITERAL_NULL_CONVERSION = YES;
				CLANG_WARN_OBJC_IMPLICIT_RETAIN_SELF = YES;
				CLANG_WARN_OBJC_LITERAL_CONVERSION = YES;
				CLANG_WARN_OBJC_ROOT_CLASS = YES_ERROR;
				CLANG_WARN_QUOTED_INCLUDE_IN_FRAMEWORK_HEADER = YES;
				CLANG_WARN_RANGE_LOOP_ANALYSIS = YES;
				CLANG_WARN_STRICT_PROTOTYPES = YES;
				CLANG_WARN_SUSPICIOUS_MOVE = YES;
				CLANG_WARN_UNGUARDED_AVAILABILITY = YES_AGGRESSIVE;
				CLANG_WARN_UNREACHABLE_CODE = YES;
				CLANG_WARN__DUPLICATE_METHOD_MATCH = YES;
				COPY_PHASE_STRIP = NO;
				DEBUG_INFORMATION_FORMAT = dwarf;
				ENABLE_STRICT_OBJC_MSGSEND = YES;
				ENABLE_TESTABILITY = YES;
				GCC_C_LANGUAGE_STANDARD = gnu11;
				GCC_DYNAMIC_NO_PIC = NO;
				GCC_NO_COMMON_BLOCKS = YES;
				GCC_OPTIMIZATION_LEVEL = 0;
				GCC_PREPROCESSOR_DEFINITIONS = (
					"DEBUG=1",
					"$(inherited)",
				);
				GCC_WARN_64_TO_32_BIT_CONVERSION = YES;
				GCC_WARN_ABOUT_RETURN_TYPE = YES_ERROR;
				GCC_WARN_UNDECLARED_SELECTOR = YES;
				GCC_WARN_UNINITIALIZED_AUTOS = YES_AGGRESSIVE;
				GCC_WARN_UNUSED_FUNCTION = YES;
				GCC_WARN_UNUSED_VARIABLE = YES;
				IPHONEOS_DEPLOYMENT_TARGET = 15.4;
				MTL_ENABLE_DEBUG_INFO = INCLUDE_SOURCE;
				MTL_FAST_MATH = YES;
				ONLY_ACTIVE_ARCH = YES;
				SDKROOT = iphoneos;
				SWIFT_ACTIVE_COMPILATION_CONDITIONS = DEBUG;
				SWIFT_OPTIMIZATION_LEVEL = "-Onone";
			};
			name = Debug;
		};
		8D45483A299CDF8C00A59570 /* Release */ = {
			isa = XCBuildConfiguration;
			buildSettings = {
				ALWAYS_SEARCH_USER_PATHS = NO;
				CLANG_ANALYZER_NONNULL = YES;
				CLANG_ANALYZER_NUMBER_OBJECT_CONVERSION = YES_AGGRESSIVE;
				CLANG_CXX_LANGUAGE_STANDARD = "gnu++17";
				CLANG_ENABLE_MODULES = YES;
				CLANG_ENABLE_OBJC_ARC = YES;
				CLANG_ENABLE_OBJC_WEAK = YES;
				CLANG_WARN_BLOCK_CAPTURE_AUTORELEASING = YES;
				CLANG_WARN_BOOL_CONVERSION = YES;
				CLANG_WARN_COMMA = YES;
				CLANG_WARN_CONSTANT_CONVERSION = YES;
				CLANG_WARN_DEPRECATED_OBJC_IMPLEMENTATIONS = YES;
				CLANG_WARN_DIRECT_OBJC_ISA_USAGE = YES_ERROR;
				CLANG_WARN_DOCUMENTATION_COMMENTS = YES;
				CLANG_WARN_EMPTY_BODY = YES;
				CLANG_WARN_ENUM_CONVERSION = YES;
				CLANG_WARN_INFINITE_RECURSION = YES;
				CLANG_WARN_INT_CONVERSION = YES;
				CLANG_WARN_NON_LITERAL_NULL_CONVERSION = YES;
				CLANG_WARN_OBJC_IMPLICIT_RETAIN_SELF = YES;
				CLANG_WARN_OBJC_LITERAL_CONVERSION = YES;
				CLANG_WARN_OBJC_ROOT_CLASS = YES_ERROR;
				CLANG_WARN_QUOTED_INCLUDE_IN_FRAMEWORK_HEADER = YES;
				CLANG_WARN_RANGE_LOOP_ANALYSIS = YES;
				CLANG_WARN_STRICT_PROTOTYPES = YES;
				CLANG_WARN_SUSPICIOUS_MOVE = YES;
				CLANG_WARN_UNGUARDED_AVAILABILITY = YES_AGGRESSIVE;
				CLANG_WARN_UNREACHABLE_CODE = YES;
				CLANG_WARN__DUPLICATE_METHOD_MATCH = YES;
				COPY_PHASE_STRIP = NO;
				DEBUG_INFORMATION_FORMAT = "dwarf-with-dsym";
				ENABLE_NS_ASSERTIONS = NO;
				ENABLE_STRICT_OBJC_MSGSEND = YES;
				GCC_C_LANGUAGE_STANDARD = gnu11;
				GCC_NO_COMMON_BLOCKS = YES;
				GCC_WARN_64_TO_32_BIT_CONVERSION = YES;
				GCC_WARN_ABOUT_RETURN_TYPE = YES_ERROR;
				GCC_WARN_UNDECLARED_SELECTOR = YES;
				GCC_WARN_UNINITIALIZED_AUTOS = YES_AGGRESSIVE;
				GCC_WARN_UNUSED_FUNCTION = YES;
				GCC_WARN_UNUSED_VARIABLE = YES;
				IPHONEOS_DEPLOYMENT_TARGET = 15.4;
				MTL_ENABLE_DEBUG_INFO = NO;
				MTL_FAST_MATH = YES;
				SDKROOT = iphoneos;
				SWIFT_COMPILATION_MODE = wholemodule;
				SWIFT_OPTIMIZATION_LEVEL = "-O";
				VALIDATE_PRODUCT = YES;
			};
			name = Release;
		};
		8D45483C299CDF8C00A59570 /* Debug */ = {
			isa = XCBuildConfiguration;
			buildSettings = {
				ASSETCATALOG_COMPILER_APPICON_NAME = AppIcon;
				ASSETCATALOG_COMPILER_GLOBAL_ACCENT_COLOR_NAME = AccentColor;
				CODE_SIGN_STYLE = Automatic;
				CURRENT_PROJECT_VERSION = 1;
				GENERATE_INFOPLIST_FILE = YES;
				INFOPLIST_FILE = StoreManager/Info.plist;
				INFOPLIST_KEY_LSApplicationCategoryType = "";
				INFOPLIST_KEY_UIApplicationSupportsIndirectInputEvents = YES;
				INFOPLIST_KEY_UILaunchStoryboardName = LaunchScreen;
				INFOPLIST_KEY_UISupportedInterfaceOrientations_iPad = "UIInterfaceOrientationPortrait UIInterfaceOrientationPortraitUpsideDown UIInterfaceOrientationLandscapeLeft UIInterfaceOrientationLandscapeRight";
				INFOPLIST_KEY_UISupportedInterfaceOrientations_iPhone = "UIInterfaceOrientationPortrait UIInterfaceOrientationLandscapeLeft UIInterfaceOrientationLandscapeRight";
				LD_RUNPATH_SEARCH_PATHS = (
					"$(inherited)",
					"@executable_path/Frameworks",
				);
				MARKETING_VERSION = 1.0;
				PRODUCT_BUNDLE_IDENTIFIER = x.StoreManager;
				PRODUCT_NAME = "$(TARGET_NAME)";
				SWIFT_EMIT_LOC_STRINGS = YES;
				SWIFT_VERSION = 5.0;
				TARGETED_DEVICE_FAMILY = "1,2";
			};
			name = Debug;
		};
		8D45483D299CDF8C00A59570 /* Release */ = {
			isa = XCBuildConfiguration;
			buildSettings = {
				ASSETCATALOG_COMPILER_APPICON_NAME = AppIcon;
				ASSETCATALOG_COMPILER_GLOBAL_ACCENT_COLOR_NAME = AccentColor;
				CODE_SIGN_STYLE = Automatic;
				CURRENT_PROJECT_VERSION = 1;
				GENERATE_INFOPLIST_FILE = YES;
				INFOPLIST_FILE = StoreManager/Info.plist;
				INFOPLIST_KEY_LSApplicationCategoryType = "";
				INFOPLIST_KEY_UIApplicationSupportsIndirectInputEvents = YES;
				INFOPLIST_KEY_UILaunchStoryboardName = LaunchScreen;
				INFOPLIST_KEY_UISupportedInterfaceOrientations_iPad = "UIInterfaceOrientationPortrait UIInterfaceOrientationPortraitUpsideDown UIInterfaceOrientationLandscapeLeft UIInterfaceOrientationLandscapeRight";
				INFOPLIST_KEY_UISupportedInterfaceOrientations_iPhone = "UIInterfaceOrientationPortrait UIInterfaceOrientationLandscapeLeft UIInterfaceOrientationLandscapeRight";
				LD_RUNPATH_SEARCH_PATHS = (
					"$(inherited)",
					"@executable_path/Frameworks",
				);
				MARKETING_VERSION = 1.0;
				PRODUCT_BUNDLE_IDENTIFIER = x.StoreManager;
				PRODUCT_NAME = "$(TARGET_NAME)";
				SWIFT_EMIT_LOC_STRINGS = YES;
				SWIFT_VERSION = 5.0;
				TARGETED_DEVICE_FAMILY = "1,2";
			};
			name = Release;
		};
		8D45483F299CDF8C00A59570 /* Debug */ = {
			isa = XCBuildConfiguration;
			buildSettings = {
				ALWAYS_EMBED_SWIFT_STANDARD_LIBRARIES = YES;
				BUNDLE_LOADER = "$(TEST_HOST)";
				CODE_SIGN_STYLE = Automatic;
				CURRENT_PROJECT_VERSION = 1;
				GENERATE_INFOPLIST_FILE = YES;
				IPHONEOS_DEPLOYMENT_TARGET = 15.4;
				MARKETING_VERSION = 1.0;
				PRODUCT_BUNDLE_IDENTIFIER = x.StoreManagerTests;
				PRODUCT_NAME = "$(TARGET_NAME)";
				SWIFT_EMIT_LOC_STRINGS = NO;
				SWIFT_VERSION = 5.0;
				TARGETED_DEVICE_FAMILY = "1,2";
				TEST_HOST = "$(BUILT_PRODUCTS_DIR)/StoreManager.app/StoreManager";
			};
			name = Debug;
		};
		8D454840299CDF8C00A59570 /* Release */ = {
			isa = XCBuildConfiguration;
			buildSettings = {
				ALWAYS_EMBED_SWIFT_STANDARD_LIBRARIES = YES;
				BUNDLE_LOADER = "$(TEST_HOST)";
				CODE_SIGN_STYLE = Automatic;
				CURRENT_PROJECT_VERSION = 1;
				GENERATE_INFOPLIST_FILE = YES;
				IPHONEOS_DEPLOYMENT_TARGET = 15.4;
				MARKETING_VERSION = 1.0;
				PRODUCT_BUNDLE_IDENTIFIER = x.StoreManagerTests;
				PRODUCT_NAME = "$(TARGET_NAME)";
				SWIFT_EMIT_LOC_STRINGS = NO;
				SWIFT_VERSION = 5.0;
				TARGETED_DEVICE_FAMILY = "1,2";
				TEST_HOST = "$(BUILT_PRODUCTS_DIR)/StoreManager.app/StoreManager";
			};
			name = Release;
		};
		8D454842299CDF8C00A59570 /* Debug */ = {
			isa = XCBuildConfiguration;
			buildSettings = {
				ALWAYS_EMBED_SWIFT_STANDARD_LIBRARIES = YES;
				CODE_SIGN_STYLE = Automatic;
				CURRENT_PROJECT_VERSION = 1;
				GENERATE_INFOPLIST_FILE = YES;
				MARKETING_VERSION = 1.0;
				PRODUCT_BUNDLE_IDENTIFIER = x.StoreManagerUITests;
				PRODUCT_NAME = "$(TARGET_NAME)";
				SWIFT_EMIT_LOC_STRINGS = NO;
				SWIFT_VERSION = 5.0;
				TARGETED_DEVICE_FAMILY = "1,2";
				TEST_TARGET_NAME = StoreManager;
			};
			name = Debug;
		};
		8D454843299CDF8C00A59570 /* Release */ = {
			isa = XCBuildConfiguration;
			buildSettings = {
				ALWAYS_EMBED_SWIFT_STANDARD_LIBRARIES = YES;
				CODE_SIGN_STYLE = Automatic;
				CURRENT_PROJECT_VERSION = 1;
				GENERATE_INFOPLIST_FILE = YES;
				MARKETING_VERSION = 1.0;
				PRODUCT_BUNDLE_IDENTIFIER = x.StoreManagerUITests;
				PRODUCT_NAME = "$(TARGET_NAME)";
				SWIFT_EMIT_LOC_STRINGS = NO;
				SWIFT_VERSION = 5.0;
				TARGETED_DEVICE_FAMILY = "1,2";
				TEST_TARGET_NAME = StoreManager;
			};
			name = Release;
		};
/* End XCBuildConfiguration section */

/* Begin XCConfigurationList section */
		8D45480C299CDF8800A59570 /* Build configuration list for PBXProject "StoreManager" */ = {
			isa = XCConfigurationList;
			buildConfigurations = (
				8D454839299CDF8C00A59570 /* Debug */,
				8D45483A299CDF8C00A59570 /* Release */,
			);
			defaultConfigurationIsVisible = 0;
			defaultConfigurationName = Release;
		};
		8D45483B299CDF8C00A59570 /* Build configuration list for PBXNativeTarget "StoreManager" */ = {
			isa = XCConfigurationList;
			buildConfigurations = (
				8D45483C299CDF8C00A59570 /* Debug */,
				8D45483D299CDF8C00A59570 /* Release */,
			);
			defaultConfigurationIsVisible = 0;
			defaultConfigurationName = Release;
		};
		8D45483E299CDF8C00A59570 /* Build configuration list for PBXNativeTarget "StoreManagerTests" */ = {
			isa = XCConfigurationList;
			buildConfigurations = (
				8D45483F299CDF8C00A59570 /* Debug */,
				8D454840299CDF8C00A59570 /* Release */,
			);
			defaultConfigurationIsVisible = 0;
			defaultConfigurationName = Release;
		};
		8D454841299CDF8C00A59570 /* Build configuration list for PBXNativeTarget "StoreManagerUITests" */ = {
			isa = XCConfigurationList;
			buildConfigurations = (
				8D454842299CDF8C00A59570 /* Debug */,
				8D454843299CDF8C00A59570 /* Release */,
			);
			defaultConfigurationIsVisible = 0;
			defaultConfigurationName = Release;
		};
/* End XCConfigurationList section */

/* Begin XCVersionGroup section */
		8D4548CC29AEEC9F00A59570 /* StoreManager.xcdatamodeld */ = {
			isa = XCVersionGroup;
			children = (
				8D4548CD29AEEC9F00A59570 /* StoreManager.xcdatamodel */,
			);
			currentVersion = 8D4548CD29AEEC9F00A59570 /* StoreManager.xcdatamodel */;
			path = StoreManager.xcdatamodeld;
			sourceTree = "<group>";
			versionGroupType = wrapper.xcdatamodel;
		};
/* End XCVersionGroup section */
	};
	rootObject = 8D454809299CDF8800A59570 /* Project object */;
}
